
Microsoft Visual Studio Solution File, Format Version 12.00
# Visual Studio Version 16
VisualStudioVersion = 16.0.31424.327
MinimumVisualStudioVersion = 10.0.40219.1
Project("{FAE04EC0-301F-11D3-BF4B-00C04F79EFBC}") = "KML", "KML\KML.csproj", "{EE258BB0-9E72-4808-B729-E5B9F4D2D018}"
EndProject
Global
	GlobalSection(SolutionConfigurationPlatforms) = preSolution
		Debug|Any CPU = Debug|Any CPU
		Release|Any CPU = Release|Any CPU
	EndGlobalSection
	GlobalSection(ProjectConfigurationPlatforms) = postSolution
		{EE258BB0-9E72-4808-B729-E5B9F4D2D018}.Debug|Any CPU.ActiveCfg = Debug|Any CPU
		{EE258BB0-9E72-4808-B729-E5B9F4D2D018}.Debug|Any CPU.Build.0 = Debug|Any CPU
		{EE258BB0-9E72-4808-B729-E5B9F4D2D018}.Release|Any CPU.ActiveCfg = Release|Any CPU
		{EE258BB0-9E72-4808-B729-E5B9F4D2D018}.Release|Any CPU.Build.0 = Release|Any CPU
	EndGlobalSection
	GlobalSection(SolutionProperties) = preSolution
		HideSolutionNode = FALSE
	EndGlobalSection
	GlobalSection(ExtensibilityGlobals) = postSolution
		SolutionGuid = {52E670ED-EBE8-47AD-9D56-1CF0A32D813F}
	EndGlobalSection
EndGlobal
